
Microsoft Visual Studio Solution File, Format Version 12.00
# Visual Studio 15
VisualStudioVersion = 15.0.28307.852
MinimumVisualStudioVersion = 10.0.40219.1
Project("{FAE04EC0-301F-11D3-BF4B-00C04F79EFBC}") = "ADE.NEON.API", "ADE.NEON.API\ADE.NEON.API.csproj", "{B7AB3861-7108-41A7-B584-B1A2A43276E3}"
EndProject
Project("{2150E333-8FDC-42A3-9474-1A3956D46DE8}") = "_ServiceLayer", "_ServiceLayer", "{9D3FEF2A-2E75-4F20-BCB0-717BD58F225B}"
EndProject
Project("{2150E333-8FDC-42A3-9474-1A3956D46DE8}") = "UnitTests", "UnitTests", "{E2C4A5C0-B9E2-49C3-8A1F-A9C018549EF9}"
EndProject
Project("{2150E333-8FDC-42A3-9474-1A3956D46DE8}") = "_DataAccessLayer", "_DataAccessLayer", "{115E1992-3B3D-47A1-ABC2-7B63D65267E2}"
EndProject
Project("{2150E333-8FDC-42A3-9474-1A3956D46DE8}") = "_BusinessLayer", "_BusinessLayer", "{A36024F9-C52A-4F12-9522-2E85FFED6B30}"
EndProject
Project("{FAE04EC0-301F-11D3-BF4B-00C04F79EFBC}") = "ADE.NEON.BL", "ADE.NEON.BL\ADE.NEON.BL.csproj", "{7F973504-27AB-4D68-A324-7D413177339A}"
EndProject
Project("{FAE04EC0-301F-11D3-BF4B-00C04F79EFBC}") = "ADE.NEON.DAL", "ADE.NEON.DAL\ADE.NEON.DAL.csproj", "{CF85954E-4D85-4D9D-8B1B-AB9EC68FFDDF}"
EndProject
Project("{2150E333-8FDC-42A3-9474-1A3956D46DE8}") = "_Shared", "_Shared", "{658CFA5B-1812-4E31-9B8C-8D8C5EAADAD0}"
EndProject
Project("{FAE04EC0-301F-11D3-BF4B-00C04F79EFBC}") = "ADE.NEON.Shared", "ADE.NEON.Shared\ADE.NEON.Shared.csproj", "{7506AD6E-6E91-4D49-8812-8120013D699D}"
EndProject
Project("{FAE04EC0-301F-11D3-BF4B-00C04F79EFBC}") = "ADE.NEON.DAL.AM", "ADE.NEON.DAL.AM\ADE.NEON.DAL.AM.csproj", "{1FA14349-55C5-41B2-9E9B-54270EACA843}"
EndProject
Project("{FAE04EC0-301F-11D3-BF4B-00C04F79EFBC}") = "ADE.NEON.DAL.EF", "ADE.NEON.DAL.EF\ADE.NEON.DAL.EF.csproj", "{1B690B36-BB2B-41C9-83AF-F081A13E29CA}"
EndProject
Project("{00D1A9C2-B5F0-4AF3-8072-F6C62B433612}") = "NEON", "NEON\NEON.sqlproj", "{6FA14DEE-05E0-4578-9C4D-D7A8FEDB639D}"
EndProject
Global
	GlobalSection(SolutionConfigurationPlatforms) = preSolution
		Debug|Any CPU = Debug|Any CPU
		Release|Any CPU = Release|Any CPU
	EndGlobalSection
	GlobalSection(ProjectConfigurationPlatforms) = postSolution
		{B7AB3861-7108-41A7-B584-B1A2A43276E3}.Debug|Any CPU.ActiveCfg = Debug|Any CPU
		{B7AB3861-7108-41A7-B584-B1A2A43276E3}.Debug|Any CPU.Build.0 = Debug|Any CPU
		{B7AB3861-7108-41A7-B584-B1A2A43276E3}.Release|Any CPU.ActiveCfg = Release|Any CPU
		{B7AB3861-7108-41A7-B584-B1A2A43276E3}.Release|Any CPU.Build.0 = Release|Any CPU
		{7F973504-27AB-4D68-A324-7D413177339A}.Debug|Any CPU.ActiveCfg = Debug|Any CPU
		{7F973504-27AB-4D68-A324-7D413177339A}.Debug|Any CPU.Build.0 = Debug|Any CPU
		{7F973504-27AB-4D68-A324-7D413177339A}.Release|Any CPU.ActiveCfg = Release|Any CPU
		{7F973504-27AB-4D68-A324-7D413177339A}.Release|Any CPU.Build.0 = Release|Any CPU
		{CF85954E-4D85-4D9D-8B1B-AB9EC68FFDDF}.Debug|Any CPU.ActiveCfg = Debug|Any CPU
		{CF85954E-4D85-4D9D-8B1B-AB9EC68FFDDF}.Debug|Any CPU.Build.0 = Debug|Any CPU
		{CF85954E-4D85-4D9D-8B1B-AB9EC68FFDDF}.Release|Any CPU.ActiveCfg = Release|Any CPU
		{CF85954E-4D85-4D9D-8B1B-AB9EC68FFDDF}.Release|Any CPU.Build.0 = Release|Any CPU
		{7506AD6E-6E91-4D49-8812-8120013D699D}.Debug|Any CPU.ActiveCfg = Debug|Any CPU
		{7506AD6E-6E91-4D49-8812-8120013D699D}.Debug|Any CPU.Build.0 = Debug|Any CPU
		{7506AD6E-6E91-4D49-8812-8120013D699D}.Release|Any CPU.ActiveCfg = Release|Any CPU
		{7506AD6E-6E91-4D49-8812-8120013D699D}.Release|Any CPU.Build.0 = Release|Any CPU
		{1FA14349-55C5-41B2-9E9B-54270EACA843}.Debug|Any CPU.ActiveCfg = Debug|Any CPU
		{1FA14349-55C5-41B2-9E9B-54270EACA843}.Debug|Any CPU.Build.0 = Debug|Any CPU
		{1FA14349-55C5-41B2-9E9B-54270EACA843}.Release|Any CPU.ActiveCfg = Release|Any CPU
		{1FA14349-55C5-41B2-9E9B-54270EACA843}.Release|Any CPU.Build.0 = Release|Any CPU
		{1B690B36-BB2B-41C9-83AF-F081A13E29CA}.Debug|Any CPU.ActiveCfg = Debug|Any CPU
		{1B690B36-BB2B-41C9-83AF-F081A13E29CA}.Debug|Any CPU.Build.0 = Debug|Any CPU
		{1B690B36-BB2B-41C9-83AF-F081A13E29CA}.Release|Any CPU.ActiveCfg = Release|Any CPU
		{1B690B36-BB2B-41C9-83AF-F081A13E29CA}.Release|Any CPU.Build.0 = Release|Any CPU
		{6FA14DEE-05E0-4578-9C4D-D7A8FEDB639D}.Debug|Any CPU.ActiveCfg = Debug|Any CPU
		{6FA14DEE-05E0-4578-9C4D-D7A8FEDB639D}.Debug|Any CPU.Build.0 = Debug|Any CPU
		{6FA14DEE-05E0-4578-9C4D-D7A8FEDB639D}.Debug|Any CPU.Deploy.0 = Debug|Any CPU
		{6FA14DEE-05E0-4578-9C4D-D7A8FEDB639D}.Release|Any CPU.ActiveCfg = Release|Any CPU
		{6FA14DEE-05E0-4578-9C4D-D7A8FEDB639D}.Release|Any CPU.Build.0 = Release|Any CPU
		{6FA14DEE-05E0-4578-9C4D-D7A8FEDB639D}.Release|Any CPU.Deploy.0 = Release|Any CPU
	EndGlobalSection
	GlobalSection(SolutionProperties) = preSolution
		HideSolutionNode = FALSE
	EndGlobalSection
	GlobalSection(NestedProjects) = preSolution
		{B7AB3861-7108-41A7-B584-B1A2A43276E3} = {9D3FEF2A-2E75-4F20-BCB0-717BD58F225B}
		{7F973504-27AB-4D68-A324-7D413177339A} = {A36024F9-C52A-4F12-9522-2E85FFED6B30}
		{CF85954E-4D85-4D9D-8B1B-AB9EC68FFDDF} = {115E1992-3B3D-47A1-ABC2-7B63D65267E2}
		{7506AD6E-6E91-4D49-8812-8120013D699D} = {658CFA5B-1812-4E31-9B8C-8D8C5EAADAD0}
		{1FA14349-55C5-41B2-9E9B-54270EACA843} = {115E1992-3B3D-47A1-ABC2-7B63D65267E2}
		{1B690B36-BB2B-41C9-83AF-F081A13E29CA} = {115E1992-3B3D-47A1-ABC2-7B63D65267E2}
		{6FA14DEE-05E0-4578-9C4D-D7A8FEDB639D} = {115E1992-3B3D-47A1-ABC2-7B63D65267E2}
	EndGlobalSection
	GlobalSection(ExtensibilityGlobals) = postSolution
		SolutionGuid = {E29295AD-EBE8-4A4B-876B-A075C118911D}
	EndGlobalSection
EndGlobal
